
Microsoft Visual Studio Solution File, Format Version 12.00
# Visual Studio 15
VisualStudioVersion = 15.0.28010.2046
MinimumVisualStudioVersion = 10.0.40219.1
Project("{FAE04EC0-301F-11D3-BF4B-00C04F79EFBC}") = "Calculator.Android", "Calculator.Android\Calculator.Android.csproj", "{A5F04C58-534D-4910-B923-30A65DB24035}"
EndProject
Project("{FAE04EC0-301F-11D3-BF4B-00C04F79EFBC}") = "Calculator.iOS", "Calculator.iOS\Calculator.iOS.csproj", "{EB6668A9-EDB8-4048-B3C4-8A1118F6D3C4}"
EndProject
Project("{FAE04EC0-301F-11D3-BF4B-00C04F79EFBC}") = "Calculator.UWP", "Calculator.UWP\Calculator.UWP.csproj", "{A2E67236-F10D-4342-85E9-AC670D8EF9B7}"
EndProject
Project("{FAE04EC0-301F-11D3-BF4B-00C04F79EFBC}") = "Calculator", "Calculator\Calculator.csproj", "{EF4A0C62-2CC6-40BB-8D18-B4E0DE427523}"
EndProject
Global
	GlobalSection(SolutionConfigurationPlatforms) = preSolution
		Ad-Hoc|Any CPU = Ad-Hoc|Any CPU
		Ad-Hoc|ARM = Ad-Hoc|ARM
		Ad-Hoc|iPhone = Ad-Hoc|iPhone
		Ad-Hoc|iPhoneSimulator = Ad-Hoc|iPhoneSimulator
		Ad-Hoc|x64 = Ad-Hoc|x64
		Ad-Hoc|x86 = Ad-Hoc|x86
		AppStore|Any CPU = AppStore|Any CPU
		AppStore|ARM = AppStore|ARM
		AppStore|iPhone = AppStore|iPhone
		AppStore|iPhoneSimulator = AppStore|iPhoneSimulator
		AppStore|x64 = AppStore|x64
		AppStore|x86 = AppStore|x86
		Debug|Any CPU = Debug|Any CPU
		Debug|ARM = Debug|ARM
		Debug|iPhone = Debug|iPhone
		Debug|iPhoneSimulator = Debug|iPhoneSimulator
		Debug|x64 = Debug|x64
		Debug|x86 = Debug|x86
		Release|Any CPU = Release|Any CPU
		Release|ARM = Release|ARM
		Release|iPhone = Release|iPhone
		Release|iPhoneSimulator = Release|iPhoneSimulator
		Release|x64 = Release|x64
		Release|x86 = Release|x86
	EndGlobalSection
	GlobalSection(ProjectConfigurationPlatforms) = postSolution
		{A5F04C58-534D-4910-B923-30A65DB24035}.Ad-Hoc|Any CPU.ActiveCfg = Release|Any CPU
		{A5F04C58-534D-4910-B923-30A65DB24035}.Ad-Hoc|Any CPU.Build.0 = Release|Any CPU
		{A5F04C58-534D-4910-B923-30A65DB24035}.Ad-Hoc|Any CPU.Deploy.0 = Release|Any CPU
		{A5F04C58-534D-4910-B923-30A65DB24035}.Ad-Hoc|ARM.ActiveCfg = Release|Any CPU
		{A5F04C58-534D-4910-B923-30A65DB24035}.Ad-Hoc|ARM.Build.0 = Release|Any CPU
		{A5F04C58-534D-4910-B923-30A65DB24035}.Ad-Hoc|ARM.Deploy.0 = Release|Any CPU
		{A5F04C58-534D-4910-B923-30A65DB24035}.Ad-Hoc|iPhone.ActiveCfg = Release|Any CPU
		{A5F04C58-534D-4910-B923-30A65DB24035}.Ad-Hoc|iPhone.Build.0 = Release|Any CPU
		{A5F04C58-534D-4910-B923-30A65DB24035}.Ad-Hoc|iPhone.Deploy.0 = Release|Any CPU
		{A5F04C58-534D-4910-B923-30A65DB24035}.Ad-Hoc|iPhoneSimulator.ActiveCfg = Release|Any CPU
		{A5F04C58-534D-4910-B923-30A65DB24035}.Ad-Hoc|iPhoneSimulator.Build.0 = Release|Any CPU
		{A5F04C58-534D-4910-B923-30A65DB24035}.Ad-Hoc|iPhoneSimulator.Deploy.0 = Release|Any CPU
		{A5F04C58-534D-4910-B923-30A65DB24035}.Ad-Hoc|x64.ActiveCfg = Release|Any CPU
		{A5F04C58-534D-4910-B923-30A65DB24035}.Ad-Hoc|x64.Build.0 = Release|Any CPU
		{A5F04C58-534D-4910-B923-30A65DB24035}.Ad-Hoc|x64.Deploy.0 = Release|Any CPU
		{A5F04C58-534D-4910-B923-30A65DB24035}.Ad-Hoc|x86.ActiveCfg = Release|Any CPU
		{A5F04C58-534D-4910-B923-30A65DB24035}.Ad-Hoc|x86.Build.0 = Release|Any CPU
		{A5F04C58-534D-4910-B923-30A65DB24035}.Ad-Hoc|x86.Deploy.0 = Release|Any CPU
		{A5F04C58-534D-4910-B923-30A65DB24035}.AppStore|Any CPU.ActiveCfg = Release|Any CPU
		{A5F04C58-534D-4910-B923-30A65DB24035}.AppStore|Any CPU.Build.0 = Release|Any CPU
		{A5F04C58-534D-4910-B923-30A65DB24035}.AppStore|Any CPU.Deploy.0 = Release|Any CPU
		{A5F04C58-534D-4910-B923-30A65DB24035}.AppStore|ARM.ActiveCfg = Release|Any CPU
		{A5F04C58-534D-4910-B923-30A65DB24035}.AppStore|ARM.Build.0 = Release|Any CPU
		{A5F04C58-534D-4910-B923-30A65DB24035}.AppStore|ARM.Deploy.0 = Release|Any CPU
		{A5F04C58-534D-4910-B923-30A65DB24035}.AppStore|iPhone.ActiveCfg = Release|Any CPU
		{A5F04C58-534D-4910-B923-30A65DB24035}.AppStore|iPhone.Build.0 = Release|Any CPU
		{A5F04C58-534D-4910-B923-30A65DB24035}.AppStore|iPhone.Deploy.0 = Release|Any CPU
		{A5F04C58-534D-4910-B923-30A65DB24035}.AppStore|iPhoneSimulator.ActiveCfg = Release|Any CPU
		{A5F04C58-534D-4910-B923-30A65DB24035}.AppStore|iPhoneSimulator.Build.0 = Release|Any CPU
		{A5F04C58-534D-4910-B923-30A65DB24035}.AppStore|iPhoneSimulator.Deploy.0 = Release|Any CPU
		{A5F04C58-534D-4910-B923-30A65DB24035}.AppStore|x64.ActiveCfg = Release|Any CPU
		{A5F04C58-534D-4910-B923-30A65DB24035}.AppStore|x64.Build.0 = Release|Any CPU
		{A5F04C58-534D-4910-B923-30A65DB24035}.AppStore|x64.Deploy.0 = Release|Any CPU
		{A5F04C58-534D-4910-B923-30A65DB24035}.AppStore|x86.ActiveCfg = Release|Any CPU
		{A5F04C58-534D-4910-B923-30A65DB24035}.AppStore|x86.Build.0 = Release|Any CPU
		{A5F04C58-534D-4910-B923-30A65DB24035}.AppStore|x86.Deploy.0 = Release|Any CPU
		{A5F04C58-534D-4910-B923-30A65DB24035}.Debug|Any CPU.ActiveCfg = Debug|Any CPU
		{A5F04C58-534D-4910-B923-30A65DB24035}.Debug|Any CPU.Build.0 = Debug|Any CPU
		{A5F04C58-534D-4910-B923-30A65DB24035}.Debug|Any CPU.Deploy.0 = Debug|Any CPU
		{A5F04C58-534D-4910-B923-30A65DB24035}.Debug|ARM.ActiveCfg = Debug|Any CPU
		{A5F04C58-534D-4910-B923-30A65DB24035}.Debug|ARM.Build.0 = Debug|Any CPU
		{A5F04C58-534D-4910-B923-30A65DB24035}.Debug|ARM.Deploy.0 = Debug|Any CPU
		{A5F04C58-534D-4910-B923-30A65DB24035}.Debug|iPhone.ActiveCfg = Debug|Any CPU
		{A5F04C58-534D-4910-B923-30A65DB24035}.Debug|iPhone.Build.0 = Debug|Any CPU
		{A5F04C58-534D-4910-B923-30A65DB24035}.Debug|iPhone.Deploy.0 = Debug|Any CPU
		{A5F04C58-534D-4910-B923-30A65DB24035}.Debug|iPhoneSimulator.ActiveCfg = Debug|Any CPU
		{A5F04C58-534D-4910-B923-30A65DB24035}.Debug|iPhoneSimulator.Build.0 = Debug|Any CPU
		{A5F04C58-534D-4910-B923-30A65DB24035}.Debug|iPhoneSimulator.Deploy.0 = Debug|Any CPU
		{A5F04C58-534D-4910-B923-30A65DB24035}.Debug|x64.ActiveCfg = Debug|Any CPU
		{A5F04C58-534D-4910-B923-30A65DB24035}.Debug|x64.Build.0 = Debug|Any CPU
		{A5F04C58-534D-4910-B923-30A65DB24035}.Debug|x64.Deploy.0 = Debug|Any CPU
		{A5F04C58-534D-4910-B923-30A65DB24035}.Debug|x86.ActiveCfg = Debug|Any CPU
		{A5F04C58-534D-4910-B923-30A65DB24035}.Debug|x86.Build.0 = Debug|Any CPU
		{A5F04C58-534D-4910-B923-30A65DB24035}.Debug|x86.Deploy.0 = Debug|Any CPU
		{A5F04C58-534D-4910-B923-30A65DB24035}.Release|Any CPU.ActiveCfg = Release|Any CPU
		{A5F04C58-534D-4910-B923-30A65DB24035}.Release|Any CPU.Build.0 = Release|Any CPU
		{A5F04C58-534D-4910-B923-30A65DB24035}.Release|Any CPU.Deploy.0 = Release|Any CPU
		{A5F04C58-534D-4910-B923-30A65DB24035}.Release|ARM.ActiveCfg = Release|Any CPU
		{A5F04C58-534D-4910-B923-30A65DB24035}.Release|ARM.Build.0 = Release|Any CPU
		{A5F04C58-534D-4910-B923-30A65DB24035}.Release|ARM.Deploy.0 = Release|Any CPU
		{A5F04C58-534D-4910-B923-30A65DB24035}.Release|iPhone.ActiveCfg = Release|Any CPU
		{A5F04C58-534D-4910-B923-30A65DB24035}.Release|iPhone.Build.0 = Release|Any CPU
		{A5F04C58-534D-4910-B923-30A65DB24035}.Release|iPhone.Deploy.0 = Release|Any CPU
		{A5F04C58-534D-4910-B923-30A65DB24035}.Release|iPhoneSimulator.ActiveCfg = Release|Any CPU
		{A5F04C58-534D-4910-B923-30A65DB24035}.Release|iPhoneSimulator.Build.0 = Release|Any CPU
		{A5F04C58-534D-4910-B923-30A65DB24035}.Release|iPhoneSimulator.Deploy.0 = Release|Any CPU
		{A5F04C58-534D-4910-B923-30A65DB24035}.Release|x64.ActiveCfg = Release|Any CPU
		{A5F04C58-534D-4910-B923-30A65DB24035}.Release|x64.Build.0 = Release|Any CPU
		{A5F04C58-534D-4910-B923-30A65DB24035}.Release|x64.Deploy.0 = Release|Any CPU
		{A5F04C58-534D-4910-B923-30A65DB24035}.Release|x86.ActiveCfg = Release|Any CPU
		{A5F04C58-534D-4910-B923-30A65DB24035}.Release|x86.Build.0 = Release|Any CPU
		{A5F04C58-534D-4910-B923-30A65DB24035}.Release|x86.Deploy.0 = Release|Any CPU
		{EB6668A9-EDB8-4048-B3C4-8A1118F6D3C4}.Ad-Hoc|Any CPU.ActiveCfg = Ad-Hoc|iPhone
		{EB6668A9-EDB8-4048-B3C4-8A1118F6D3C4}.Ad-Hoc|Any CPU.Build.0 = Ad-Hoc|iPhone
		{EB6668A9-EDB8-4048-B3C4-8A1118F6D3C4}.Ad-Hoc|Any CPU.Deploy.0 = Ad-Hoc|iPhone
		{EB6668A9-EDB8-4048-B3C4-8A1118F6D3C4}.Ad-Hoc|ARM.ActiveCfg = Ad-Hoc|iPhone
		{EB6668A9-EDB8-4048-B3C4-8A1118F6D3C4}.Ad-Hoc|ARM.Build.0 = Ad-Hoc|iPhone
		{EB6668A9-EDB8-4048-B3C4-8A1118F6D3C4}.Ad-Hoc|ARM.Deploy.0 = Ad-Hoc|iPhone
		{EB6668A9-EDB8-4048-B3C4-8A1118F6D3C4}.Ad-Hoc|iPhone.ActiveCfg = Ad-Hoc|iPhone
		{EB6668A9-EDB8-4048-B3C4-8A1118F6D3C4}.Ad-Hoc|iPhone.Build.0 = Ad-Hoc|iPhone
		{EB6668A9-EDB8-4048-B3C4-8A1118F6D3C4}.Ad-Hoc|iPhone.Deploy.0 = Ad-Hoc|iPhone
		{EB6668A9-EDB8-4048-B3C4-8A1118F6D3C4}.Ad-Hoc|iPhoneSimulator.ActiveCfg = Ad-Hoc|iPhoneSimulator
		{EB6668A9-EDB8-4048-B3C4-8A1118F6D3C4}.Ad-Hoc|iPhoneSimulator.Build.0 = Ad-Hoc|iPhoneSimulator
		{EB6668A9-EDB8-4048-B3C4-8A1118F6D3C4}.Ad-Hoc|iPhoneSimulator.Deploy.0 = Ad-Hoc|iPhoneSimulator
		{EB6668A9-EDB8-4048-B3C4-8A1118F6D3C4}.Ad-Hoc|x64.ActiveCfg = Ad-Hoc|iPhone
		{EB6668A9-EDB8-4048-B3C4-8A1118F6D3C4}.Ad-Hoc|x64.Build.0 = Ad-Hoc|iPhone
		{EB6668A9-EDB8-4048-B3C4-8A1118F6D3C4}.Ad-Hoc|x64.Deploy.0 = Ad-Hoc|iPhone
		{EB6668A9-EDB8-4048-B3C4-8A1118F6D3C4}.Ad-Hoc|x86.ActiveCfg = Ad-Hoc|iPhone
		{EB6668A9-EDB8-4048-B3C4-8A1118F6D3C4}.Ad-Hoc|x86.Build.0 = Ad-Hoc|iPhone
		{EB6668A9-EDB8-4048-B3C4-8A1118F6D3C4}.Ad-Hoc|x86.Deploy.0 = Ad-Hoc|iPhone
		{EB6668A9-EDB8-4048-B3C4-8A1118F6D3C4}.AppStore|Any CPU.ActiveCfg = AppStore|iPhone
		{EB6668A9-EDB8-4048-B3C4-8A1118F6D3C4}.AppStore|Any CPU.Build.0 = AppStore|iPhone
		{EB6668A9-EDB8-4048-B3C4-8A1118F6D3C4}.AppStore|Any CPU.Deploy.0 = AppStore|iPhone
		{EB6668A9-EDB8-4048-B3C4-8A1118F6D3C4}.AppStore|ARM.ActiveCfg = AppStore|iPhone
		{EB6668A9-EDB8-4048-B3C4-8A1118F6D3C4}.AppStore|ARM.Build.0 = AppStore|iPhone
		{EB6668A9-EDB8-4048-B3C4-8A1118F6D3C4}.AppStore|ARM.Deploy.0 = AppStore|iPhone
		{EB6668A9-EDB8-4048-B3C4-8A1118F6D3C4}.AppStore|iPhone.ActiveCfg = AppStore|iPhone
		{EB6668A9-EDB8-4048-B3C4-8A1118F6D3C4}.AppStore|iPhone.Build.0 = AppStore|iPhone
		{EB6668A9-EDB8-4048-B3C4-8A1118F6D3C4}.AppStore|iPhone.Deploy.0 = AppStore|iPhone
		{EB6668A9-EDB8-4048-B3C4-8A1118F6D3C4}.AppStore|iPhoneSimulator.ActiveCfg = AppStore|iPhoneSimulator
		{EB6668A9-EDB8-4048-B3C4-8A1118F6D3C4}.AppStore|iPhoneSimulator.Build.0 = AppStore|iPhoneSimulator
		{EB6668A9-EDB8-4048-B3C4-8A1118F6D3C4}.AppStore|iPhoneSimulator.Deploy.0 = AppStore|iPhoneSimulator
		{EB6668A9-EDB8-4048-B3C4-8A1118F6D3C4}.AppStore|x64.ActiveCfg = AppStore|iPhone
		{EB6668A9-EDB8-4048-B3C4-8A1118F6D3C4}.AppStore|x64.Build.0 = AppStore|iPhone
		{EB6668A9-EDB8-4048-B3C4-8A1118F6D3C4}.AppStore|x64.Deploy.0 = AppStore|iPhone
		{EB6668A9-EDB8-4048-B3C4-8A1118F6D3C4}.AppStore|x86.ActiveCfg = AppStore|iPhone
		{EB6668A9-EDB8-4048-B3C4-8A1118F6D3C4}.AppStore|x86.Build.0 = AppStore|iPhone
		{EB6668A9-EDB8-4048-B3C4-8A1118F6D3C4}.AppStore|x86.Deploy.0 = AppStore|iPhone
		{EB6668A9-EDB8-4048-B3C4-8A1118F6D3C4}.Debug|Any CPU.ActiveCfg = Debug|iPhoneSimulator
		{EB6668A9-EDB8-4048-B3C4-8A1118F6D3C4}.Debug|Any CPU.Build.0 = Debug|iPhoneSimulator
		{EB6668A9-EDB8-4048-B3C4-8A1118F6D3C4}.Debug|Any CPU.Deploy.0 = Debug|iPhoneSimulator
		{EB6668A9-EDB8-4048-B3C4-8A1118F6D3C4}.Debug|ARM.ActiveCfg = Debug|iPhone
		{EB6668A9-EDB8-4048-B3C4-8A1118F6D3C4}.Debug|ARM.Build.0 = Debug|iPhone
		{EB6668A9-EDB8-4048-B3C4-8A1118F6D3C4}.Debug|ARM.Deploy.0 = Debug|iPhone
		{EB6668A9-EDB8-4048-B3C4-8A1118F6D3C4}.Debug|iPhone.ActiveCfg = Debug|iPhone
		{EB6668A9-EDB8-4048-B3C4-8A1118F6D3C4}.Debug|iPhone.Build.0 = Debug|iPhone
		{EB6668A9-EDB8-4048-B3C4-8A1118F6D3C4}.Debug|iPhone.Deploy.0 = Debug|iPhone
		{EB6668A9-EDB8-4048-B3C4-8A1118F6D3C4}.Debug|iPhoneSimulator.ActiveCfg = Debug|iPhoneSimulator
		{EB6668A9-EDB8-4048-B3C4-8A1118F6D3C4}.Debug|iPhoneSimulator.Build.0 = Debug|iPhoneSimulator
		{EB6668A9-EDB8-4048-B3C4-8A1118F6D3C4}.Debug|iPhoneSimulator.Deploy.0 = Debug|iPhoneSimulator
		{EB6668A9-EDB8-4048-B3C4-8A1118F6D3C4}.Debug|x64.ActiveCfg = Debug|iPhone
		{EB6668A9-EDB8-4048-B3C4-8A1118F6D3C4}.Debug|x64.Build.0 = Debug|iPhone
		{EB6668A9-EDB8-4048-B3C4-8A1118F6D3C4}.Debug|x64.Deploy.0 = Debug|iPhone
		{EB6668A9-EDB8-4048-B3C4-8A1118F6D3C4}.Debug|x86.ActiveCfg = Debug|iPhone
		{EB6668A9-EDB8-4048-B3C4-8A1118F6D3C4}.Debug|x86.Build.0 = Debug|iPhone
		{EB6668A9-EDB8-4048-B3C4-8A1118F6D3C4}.Debug|x86.Deploy.0 = Debug|iPhone
		{EB6668A9-EDB8-4048-B3C4-8A1118F6D3C4}.Release|Any CPU.ActiveCfg = Release|iPhone
		{EB6668A9-EDB8-4048-B3C4-8A1118F6D3C4}.Release|Any CPU.Build.0 = Release|iPhone
		{EB6668A9-EDB8-4048-B3C4-8A1118F6D3C4}.Release|Any CPU.Deploy.0 = Release|iPhone
		{EB6668A9-EDB8-4048-B3C4-8A1118F6D3C4}.Release|ARM.ActiveCfg = Release|iPhone
		{EB6668A9-EDB8-4048-B3C4-8A1118F6D3C4}.Release|ARM.Build.0 = Release|iPhone
		{EB6668A9-EDB8-4048-B3C4-8A1118F6D3C4}.Release|ARM.Deploy.0 = Release|iPhone
		{EB6668A9-EDB8-4048-B3C4-8A1118F6D3C4}.Release|iPhone.ActiveCfg = Release|iPhone
		{EB6668A9-EDB8-4048-B3C4-8A1118F6D3C4}.Release|iPhone.Build.0 = Release|iPhone
		{EB6668A9-EDB8-4048-B3C4-8A1118F6D3C4}.Release|iPhone.Deploy.0 = Release|iPhone
		{EB6668A9-EDB8-4048-B3C4-8A1118F6D3C4}.Release|iPhoneSimulator.ActiveCfg = Release|iPhoneSimulator
		{EB6668A9-EDB8-4048-B3C4-8A1118F6D3C4}.Release|iPhoneSimulator.Build.0 = Release|iPhoneSimulator
		{EB6668A9-EDB8-4048-B3C4-8A1118F6D3C4}.Release|iPhoneSimulator.Deploy.0 = Release|iPhoneSimulator
		{EB6668A9-EDB8-4048-B3C4-8A1118F6D3C4}.Release|x64.ActiveCfg = Release|iPhone
		{EB6668A9-EDB8-4048-B3C4-8A1118F6D3C4}.Release|x64.Build.0 = Release|iPhone
		{EB6668A9-EDB8-4048-B3C4-8A1118F6D3C4}.Release|x64.Deploy.0 = Release|iPhone
		{EB6668A9-EDB8-4048-B3C4-8A1118F6D3C4}.Release|x86.ActiveCfg = Release|iPhone
		{EB6668A9-EDB8-4048-B3C4-8A1118F6D3C4}.Release|x86.Build.0 = Release|iPhone
		{EB6668A9-EDB8-4048-B3C4-8A1118F6D3C4}.Release|x86.Deploy.0 = Release|iPhone
		{A2E67236-F10D-4342-85E9-AC670D8EF9B7}.Ad-Hoc|Any CPU.ActiveCfg = Release|x86
		{A2E67236-F10D-4342-85E9-AC670D8EF9B7}.Ad-Hoc|Any CPU.Build.0 = Release|x86
		{A2E67236-F10D-4342-85E9-AC670D8EF9B7}.Ad-Hoc|Any CPU.Deploy.0 = Release|x86
		{A2E67236-F10D-4342-85E9-AC670D8EF9B7}.Ad-Hoc|ARM.ActiveCfg = Release|ARM
		{A2E67236-F10D-4342-85E9-AC670D8EF9B7}.Ad-Hoc|ARM.Build.0 = Release|ARM
		{A2E67236-F10D-4342-85E9-AC670D8EF9B7}.Ad-Hoc|ARM.Deploy.0 = Release|ARM
		{A2E67236-F10D-4342-85E9-AC670D8EF9B7}.Ad-Hoc|iPhone.ActiveCfg = Release|x86
		{A2E67236-F10D-4342-85E9-AC670D8EF9B7}.Ad-Hoc|iPhone.Build.0 = Release|x86
		{A2E67236-F10D-4342-85E9-AC670D8EF9B7}.Ad-Hoc|iPhone.Deploy.0 = Release|x86
		{A2E67236-F10D-4342-85E9-AC670D8EF9B7}.Ad-Hoc|iPhoneSimulator.ActiveCfg = Release|x86
		{A2E67236-F10D-4342-85E9-AC670D8EF9B7}.Ad-Hoc|iPhoneSimulator.Build.0 = Release|x86
		{A2E67236-F10D-4342-85E9-AC670D8EF9B7}.Ad-Hoc|iPhoneSimulator.Deploy.0 = Release|x86
		{A2E67236-F10D-4342-85E9-AC670D8EF9B7}.Ad-Hoc|x64.ActiveCfg = Release|x64
		{A2E67236-F10D-4342-85E9-AC670D8EF9B7}.Ad-Hoc|x64.Build.0 = Release|x64
		{A2E67236-F10D-4342-85E9-AC670D8EF9B7}.Ad-Hoc|x64.Deploy.0 = Release|x64
		{A2E67236-F10D-4342-85E9-AC670D8EF9B7}.Ad-Hoc|x86.ActiveCfg = Release|x86
		{A2E67236-F10D-4342-85E9-AC670D8EF9B7}.Ad-Hoc|x86.Build.0 = Release|x86
		{A2E67236-F10D-4342-85E9-AC670D8EF9B7}.Ad-Hoc|x86.Deploy.0 = Release|x86
		{A2E67236-F10D-4342-85E9-AC670D8EF9B7}.AppStore|Any CPU.ActiveCfg = Release|x86
		{A2E67236-F10D-4342-85E9-AC670D8EF9B7}.AppStore|Any CPU.Build.0 = Release|x86
		{A2E67236-F10D-4342-85E9-AC670D8EF9B7}.AppStore|Any CPU.Deploy.0 = Release|x86
		{A2E67236-F10D-4342-85E9-AC670D8EF9B7}.AppStore|ARM.ActiveCfg = Release|ARM
		{A2E67236-F10D-4342-85E9-AC670D8EF9B7}.AppStore|ARM.Build.0 = Release|ARM
		{A2E67236-F10D-4342-85E9-AC670D8EF9B7}.AppStore|ARM.Deploy.0 = Release|ARM
		{A2E67236-F10D-4342-85E9-AC670D8EF9B7}.AppStore|iPhone.ActiveCfg = Release|x86
		{A2E67236-F10D-4342-85E9-AC670D8EF9B7}.AppStore|iPhone.Build.0 = Release|x86
		{A2E67236-F10D-4342-85E9-AC670D8EF9B7}.AppStore|iPhone.Deploy.0 = Release|x86
		{A2E67236-F10D-4342-85E9-AC670D8EF9B7}.AppStore|iPhoneSimulator.ActiveCfg = Release|x86
		{A2E67236-F10D-4342-85E9-AC670D8EF9B7}.AppStore|iPhoneSimulator.Build.0 = Release|x86
		{A2E67236-F10D-4342-85E9-AC670D8EF9B7}.AppStore|iPhoneSimulator.Deploy.0 = Release|x86
		{A2E67236-F10D-4342-85E9-AC670D8EF9B7}.AppStore|x64.ActiveCfg = Release|x64
		{A2E67236-F10D-4342-85E9-AC670D8EF9B7}.AppStore|x64.Build.0 = Release|x64
		{A2E67236-F10D-4342-85E9-AC670D8EF9B7}.AppStore|x64.Deploy.0 = Release|x64
		{A2E67236-F10D-4342-85E9-AC670D8EF9B7}.AppStore|x86.ActiveCfg = Release|x86
		{A2E67236-F10D-4342-85E9-AC670D8EF9B7}.AppStore|x86.Build.0 = Release|x86
		{A2E67236-F10D-4342-85E9-AC670D8EF9B7}.AppStore|x86.Deploy.0 = Release|x86
		{A2E67236-F10D-4342-85E9-AC670D8EF9B7}.Debug|Any CPU.ActiveCfg = Debug|x86
		{A2E67236-F10D-4342-85E9-AC670D8EF9B7}.Debug|Any CPU.Build.0 = Debug|x86
		{A2E67236-F10D-4342-85E9-AC670D8EF9B7}.Debug|Any CPU.Deploy.0 = Debug|x86
		{A2E67236-F10D-4342-85E9-AC670D8EF9B7}.Debug|ARM.ActiveCfg = Debug|ARM
		{A2E67236-F10D-4342-85E9-AC670D8EF9B7}.Debug|ARM.Build.0 = Debug|ARM
		{A2E67236-F10D-4342-85E9-AC670D8EF9B7}.Debug|ARM.Deploy.0 = Debug|ARM
		{A2E67236-F10D-4342-85E9-AC670D8EF9B7}.Debug|iPhone.ActiveCfg = Debug|x86
		{A2E67236-F10D-4342-85E9-AC670D8EF9B7}.Debug|iPhone.Build.0 = Debug|x86
		{A2E67236-F10D-4342-85E9-AC670D8EF9B7}.Debug|iPhone.Deploy.0 = Debug|x86
		{A2E67236-F10D-4342-85E9-AC670D8EF9B7}.Debug|iPhoneSimulator.ActiveCfg = Debug|x86
		{A2E67236-F10D-4342-85E9-AC670D8EF9B7}.Debug|iPhoneSimulator.Build.0 = Debug|x86
		{A2E67236-F10D-4342-85E9-AC670D8EF9B7}.Debug|iPhoneSimulator.Deploy.0 = Debug|x86
		{A2E67236-F10D-4342-85E9-AC670D8EF9B7}.Debug|x64.ActiveCfg = Debug|x64
		{A2E67236-F10D-4342-85E9-AC670D8EF9B7}.Debug|x64.Build.0 = Debug|x64
		{A2E67236-F10D-4342-85E9-AC670D8EF9B7}.Debug|x64.Deploy.0 = Debug|x64
		{A2E67236-F10D-4342-85E9-AC670D8EF9B7}.Debug|x86.ActiveCfg = Debug|x86
		{A2E67236-F10D-4342-85E9-AC670D8EF9B7}.Debug|x86.Build.0 = Debug|x86
		{A2E67236-F10D-4342-85E9-AC670D8EF9B7}.Debug|x86.Deploy.0 = Debug|x86
		{A2E67236-F10D-4342-85E9-AC670D8EF9B7}.Release|Any CPU.ActiveCfg = Release|x86
		{A2E67236-F10D-4342-85E9-AC670D8EF9B7}.Release|Any CPU.Build.0 = Release|x86
		{A2E67236-F10D-4342-85E9-AC670D8EF9B7}.Release|Any CPU.Deploy.0 = Release|x86
		{A2E67236-F10D-4342-85E9-AC670D8EF9B7}.Release|ARM.ActiveCfg = Release|ARM
		{A2E67236-F10D-4342-85E9-AC670D8EF9B7}.Release|ARM.Build.0 = Release|ARM
		{A2E67236-F10D-4342-85E9-AC670D8EF9B7}.Release|ARM.Deploy.0 = Release|ARM
		{A2E67236-F10D-4342-85E9-AC670D8EF9B7}.Release|iPhone.ActiveCfg = Release|x86
		{A2E67236-F10D-4342-85E9-AC670D8EF9B7}.Release|iPhone.Build.0 = Release|x86
		{A2E67236-F10D-4342-85E9-AC670D8EF9B7}.Release|iPhone.Deploy.0 = Release|x86
		{A2E67236-F10D-4342-85E9-AC670D8EF9B7}.Release|iPhoneSimulator.ActiveCfg = Release|x86
		{A2E67236-F10D-4342-85E9-AC670D8EF9B7}.Release|iPhoneSimulator.Build.0 = Release|x86
		{A2E67236-F10D-4342-85E9-AC670D8EF9B7}.Release|iPhoneSimulator.Deploy.0 = Release|x86
		{A2E67236-F10D-4342-85E9-AC670D8EF9B7}.Release|x64.ActiveCfg = Release|x64
		{A2E67236-F10D-4342-85E9-AC670D8EF9B7}.Release|x64.Build.0 = Release|x64
		{A2E67236-F10D-4342-85E9-AC670D8EF9B7}.Release|x64.Deploy.0 = Release|x64
		{A2E67236-F10D-4342-85E9-AC670D8EF9B7}.Release|x86.ActiveCfg = Release|x86
		{A2E67236-F10D-4342-85E9-AC670D8EF9B7}.Release|x86.Build.0 = Release|x86
		{A2E67236-F10D-4342-85E9-AC670D8EF9B7}.Release|x86.Deploy.0 = Release|x86
		{EF4A0C62-2CC6-40BB-8D18-B4E0DE427523}.Ad-Hoc|Any CPU.ActiveCfg = Debug|Any CPU
		{EF4A0C62-2CC6-40BB-8D18-B4E0DE427523}.Ad-Hoc|Any CPU.Build.0 = Debug|Any CPU
		{EF4A0C62-2CC6-40BB-8D18-B4E0DE427523}.Ad-Hoc|Any CPU.Deploy.0 = Debug|Any CPU
		{EF4A0C62-2CC6-40BB-8D18-B4E0DE427523}.Ad-Hoc|ARM.ActiveCfg = Debug|Any CPU
		{EF4A0C62-2CC6-40BB-8D18-B4E0DE427523}.Ad-Hoc|ARM.Build.0 = Debug|Any CPU
		{EF4A0C62-2CC6-40BB-8D18-B4E0DE427523}.Ad-Hoc|ARM.Deploy.0 = Debug|Any CPU
		{EF4A0C62-2CC6-40BB-8D18-B4E0DE427523}.Ad-Hoc|iPhone.ActiveCfg = Debug|Any CPU
		{EF4A0C62-2CC6-40BB-8D18-B4E0DE427523}.Ad-Hoc|iPhone.Build.0 = Debug|Any CPU
		{EF4A0C62-2CC6-40BB-8D18-B4E0DE427523}.Ad-Hoc|iPhone.Deploy.0 = Debug|Any CPU
		{EF4A0C62-2CC6-40BB-8D18-B4E0DE427523}.Ad-Hoc|iPhoneSimulator.ActiveCfg = Debug|Any CPU
		{EF4A0C62-2CC6-40BB-8D18-B4E0DE427523}.Ad-Hoc|iPhoneSimulator.Build.0 = Debug|Any CPU
		{EF4A0C62-2CC6-40BB-8D18-B4E0DE427523}.Ad-Hoc|iPhoneSimulator.Deploy.0 = Debug|Any CPU
		{EF4A0C62-2CC6-40BB-8D18-B4E0DE427523}.Ad-Hoc|x64.ActiveCfg = Debug|Any CPU
		{EF4A0C62-2CC6-40BB-8D18-B4E0DE427523}.Ad-Hoc|x64.Build.0 = Debug|Any CPU
		{EF4A0C62-2CC6-40BB-8D18-B4E0DE427523}.Ad-Hoc|x64.Deploy.0 = Debug|Any CPU
		{EF4A0C62-2CC6-40BB-8D18-B4E0DE427523}.Ad-Hoc|x86.ActiveCfg = Debug|Any CPU
		{EF4A0C62-2CC6-40BB-8D18-B4E0DE427523}.Ad-Hoc|x86.Build.0 = Debug|Any CPU
		{EF4A0C62-2CC6-40BB-8D18-B4E0DE427523}.Ad-Hoc|x86.Deploy.0 = Debug|Any CPU
		{EF4A0C62-2CC6-40BB-8D18-B4E0DE427523}.AppStore|Any CPU.ActiveCfg = Debug|Any CPU
		{EF4A0C62-2CC6-40BB-8D18-B4E0DE427523}.AppStore|Any CPU.Build.0 = Debug|Any CPU
		{EF4A0C62-2CC6-40BB-8D18-B4E0DE427523}.AppStore|Any CPU.Deploy.0 = Debug|Any CPU
		{EF4A0C62-2CC6-40BB-8D18-B4E0DE427523}.AppStore|ARM.ActiveCfg = Debug|Any CPU
		{EF4A0C62-2CC6-40BB-8D18-B4E0DE427523}.AppStore|ARM.Build.0 = Debug|Any CPU
		{EF4A0C62-2CC6-40BB-8D18-B4E0DE427523}.AppStore|ARM.Deploy.0 = Debug|Any CPU
		{EF4A0C62-2CC6-40BB-8D18-B4E0DE427523}.AppStore|iPhone.ActiveCfg = Debug|Any CPU
		{EF4A0C62-2CC6-40BB-8D18-B4E0DE427523}.AppStore|iPhone.Build.0 = Debug|Any CPU
		{EF4A0C62-2CC6-40BB-8D18-B4E0DE427523}.AppStore|iPhone.Deploy.0 = Debug|Any CPU
		{EF4A0C62-2CC6-40BB-8D18-B4E0DE427523}.AppStore|iPhoneSimulator.ActiveCfg = Debug|Any CPU
		{EF4A0C62-2CC6-40BB-8D18-B4E0DE427523}.AppStore|iPhoneSimulator.Build.0 = Debug|Any CPU
		{EF4A0C62-2CC6-40BB-8D18-B4E0DE427523}.AppStore|iPhoneSimulator.Deploy.0 = Debug|Any CPU
		{EF4A0C62-2CC6-40BB-8D18-B4E0DE427523}.AppStore|x64.ActiveCfg = Debug|Any CPU
		{EF4A0C62-2CC6-40BB-8D18-B4E0DE427523}.AppStore|x64.Build.0 = Debug|Any CPU
		{EF4A0C62-2CC6-40BB-8D18-B4E0DE427523}.AppStore|x64.Deploy.0 = Debug|Any CPU
		{EF4A0C62-2CC6-40BB-8D18-B4E0DE427523}.AppStore|x86.ActiveCfg = Debug|Any CPU
		{EF4A0C62-2CC6-40BB-8D18-B4E0DE427523}.AppStore|x86.Build.0 = Debug|Any CPU
		{EF4A0C62-2CC6-40BB-8D18-B4E0DE427523}.AppStore|x86.Deploy.0 = Debug|Any CPU
		{EF4A0C62-2CC6-40BB-8D18-B4E0DE427523}.Debug|Any CPU.ActiveCfg = Debug|Any CPU
		{EF4A0C62-2CC6-40BB-8D18-B4E0DE427523}.Debug|Any CPU.Build.0 = Debug|Any CPU
		{EF4A0C62-2CC6-40BB-8D18-B4E0DE427523}.Debug|Any CPU.Deploy.0 = Debug|Any CPU
		{EF4A0C62-2CC6-40BB-8D18-B4E0DE427523}.Debug|ARM.ActiveCfg = Debug|Any CPU
		{EF4A0C62-2CC6-40BB-8D18-B4E0DE427523}.Debug|ARM.Build.0 = Debug|Any CPU
		{EF4A0C62-2CC6-40BB-8D18-B4E0DE427523}.Debug|ARM.Deploy.0 = Debug|Any CPU
		{EF4A0C62-2CC6-40BB-8D18-B4E0DE427523}.Debug|iPhone.ActiveCfg = Debug|Any CPU
		{EF4A0C62-2CC6-40BB-8D18-B4E0DE427523}.Debug|iPhone.Build.0 = Debug|Any CPU
		{EF4A0C62-2CC6-40BB-8D18-B4E0DE427523}.Debug|iPhone.Deploy.0 = Debug|Any CPU
		{EF4A0C62-2CC6-40BB-8D18-B4E0DE427523}.Debug|iPhoneSimulator.ActiveCfg = Debug|Any CPU
		{EF4A0C62-2CC6-40BB-8D18-B4E0DE427523}.Debug|iPhoneSimulator.Build.0 = Debug|Any CPU
		{EF4A0C62-2CC6-40BB-8D18-B4E0DE427523}.Debug|iPhoneSimulator.Deploy.0 = Debug|Any CPU
		{EF4A0C62-2CC6-40BB-8D18-B4E0DE427523}.Debug|x64.ActiveCfg = Debug|Any CPU
		{EF4A0C62-2CC6-40BB-8D18-B4E0DE427523}.Debug|x64.Build.0 = Debug|Any CPU
		{EF4A0C62-2CC6-40BB-8D18-B4E0DE427523}.Debug|x64.Deploy.0 = Debug|Any CPU
		{EF4A0C62-2CC6-40BB-8D18-B4E0DE427523}.Debug|x86.ActiveCfg = Debug|Any CPU
		{EF4A0C62-2CC6-40BB-8D18-B4E0DE427523}.Debug|x86.Build.0 = Debug|Any CPU
		{EF4A0C62-2CC6-40BB-8D18-B4E0DE427523}.Debug|x86.Deploy.0 = Debug|Any CPU
		{EF4A0C62-2CC6-40BB-8D18-B4E0DE427523}.Release|Any CPU.ActiveCfg = Release|Any CPU
		{EF4A0C62-2CC6-40BB-8D18-B4E0DE427523}.Release|Any CPU.Build.0 = Release|Any CPU
		{EF4A0C62-2CC6-40BB-8D18-B4E0DE427523}.Release|Any CPU.Deploy.0 = Release|Any CPU
		{EF4A0C62-2CC6-40BB-8D18-B4E0DE427523}.Release|ARM.ActiveCfg = Release|Any CPU
		{EF4A0C62-2CC6-40BB-8D18-B4E0DE427523}.Release|ARM.Build.0 = Release|Any CPU
		{EF4A0C62-2CC6-40BB-8D18-B4E0DE427523}.Release|ARM.Deploy.0 = Release|Any CPU
		{EF4A0C62-2CC6-40BB-8D18-B4E0DE427523}.Release|iPhone.ActiveCfg = Release|Any CPU
		{EF4A0C62-2CC6-40BB-8D18-B4E0DE427523}.Release|iPhone.Build.0 = Release|Any CPU
		{EF4A0C62-2CC6-40BB-8D18-B4E0DE427523}.Release|iPhone.Deploy.0 = Release|Any CPU
		{EF4A0C62-2CC6-40BB-8D18-B4E0DE427523}.Release|iPhoneSimulator.ActiveCfg = Release|Any CPU
		{EF4A0C62-2CC6-40BB-8D18-B4E0DE427523}.Release|iPhoneSimulator.Build.0 = Release|Any CPU
		{EF4A0C62-2CC6-40BB-8D18-B4E0DE427523}.Release|iPhoneSimulator.Deploy.0 = Release|Any CPU
		{EF4A0C62-2CC6-40BB-8D18-B4E0DE427523}.Release|x64.ActiveCfg = Release|Any CPU
		{EF4A0C62-2CC6-40BB-8D18-B4E0DE427523}.Release|x64.Build.0 = Release|Any CPU
		{EF4A0C62-2CC6-40BB-8D18-B4E0DE427523}.Release|x64.Deploy.0 = Release|Any CPU
		{EF4A0C62-2CC6-40BB-8D18-B4E0DE427523}.Release|x86.ActiveCfg = Release|Any CPU
		{EF4A0C62-2CC6-40BB-8D18-B4E0DE427523}.Release|x86.Build.0 = Release|Any CPU
		{EF4A0C62-2CC6-40BB-8D18-B4E0DE427523}.Release|x86.Deploy.0 = Release|Any CPU
	EndGlobalSection
	GlobalSection(SolutionProperties) = preSolution
		HideSolutionNode = FALSE
	EndGlobalSection
	GlobalSection(ExtensibilityGlobals) = postSolution
		SolutionGuid = {F7EBA1DC-1838-43D8-AA45-4DEF5CD7C6C6}
	EndGlobalSection
EndGlobal
